
Microsoft Visual Studio Solution File, Format Version 12.00
Project("{2150E333-8FDC-42A3-9474-1A3956D46DE8}") = "Eunomia", "Eunomia", "{69F8813C-367D-4CE2-B1FC-61D883AA01DD}"
EndProject
Project("{2150E333-8FDC-42A3-9474-1A3956D46DE8}") = "Eunomia.Storage", "Eunomia.Storage", "{36245A63-AABE-422F-BB3E-FF8A1C2DFAA0}"
EndProject
Project("{FAE04EC0-301F-11D3-BF4B-00C04F79EFBC}") = "Eunomia", "packages\projects\Eunomia\Eunomia\Eunomia.csproj", "{EAFF6684-55AA-48C9-8024-3B871C1BAF70}"
EndProject
Project("{FAE04EC0-301F-11D3-BF4B-00C04F79EFBC}") = "Eunomia.Tests", "packages\projects\Eunomia\Eunomia.Tests\Eunomia.Tests.csproj", "{E9BEE23E-EDF8-4208-80A5-EE8105B1C685}"
EndProject
Project("{FAE04EC0-301F-11D3-BF4B-00C04F79EFBC}") = "Eunomia.Storage", "packages\projects\Eunomia.Storage\Eunomia.Storage\Eunomia.Storage.csproj", "{6714F81A-DD3F-4FA9-B86F-33861299FA8C}"
EndProject
Project("{FAE04EC0-301F-11D3-BF4B-00C04F79EFBC}") = "Eunomia.Storage.Tests", "packages\projects\Eunomia.Storage\Eunomia.Storage.Tests\Eunomia.Storage.Tests.csproj", "{FE447768-FE79-4DFD-9DF5-32D503AC3692}"
EndProject
Global
	GlobalSection(SolutionConfigurationPlatforms) = preSolution
		Debug|Any CPU = Debug|Any CPU
		Release|Any CPU = Release|Any CPU
	EndGlobalSection
	GlobalSection(NestedProjects) = preSolution
		{EAFF6684-55AA-48C9-8024-3B871C1BAF70} = {69F8813C-367D-4CE2-B1FC-61D883AA01DD}
		{E9BEE23E-EDF8-4208-80A5-EE8105B1C685} = {69F8813C-367D-4CE2-B1FC-61D883AA01DD}
		{6714F81A-DD3F-4FA9-B86F-33861299FA8C} = {36245A63-AABE-422F-BB3E-FF8A1C2DFAA0}
		{FE447768-FE79-4DFD-9DF5-32D503AC3692} = {36245A63-AABE-422F-BB3E-FF8A1C2DFAA0}
	EndGlobalSection
	GlobalSection(ProjectConfigurationPlatforms) = postSolution
		{EAFF6684-55AA-48C9-8024-3B871C1BAF70}.Debug|Any CPU.ActiveCfg = Debug|Any CPU
		{EAFF6684-55AA-48C9-8024-3B871C1BAF70}.Debug|Any CPU.Build.0 = Debug|Any CPU
		{EAFF6684-55AA-48C9-8024-3B871C1BAF70}.Release|Any CPU.ActiveCfg = Release|Any CPU
		{EAFF6684-55AA-48C9-8024-3B871C1BAF70}.Release|Any CPU.Build.0 = Release|Any CPU
		{E9BEE23E-EDF8-4208-80A5-EE8105B1C685}.Debug|Any CPU.ActiveCfg = Debug|Any CPU
		{E9BEE23E-EDF8-4208-80A5-EE8105B1C685}.Debug|Any CPU.Build.0 = Debug|Any CPU
		{E9BEE23E-EDF8-4208-80A5-EE8105B1C685}.Release|Any CPU.ActiveCfg = Release|Any CPU
		{E9BEE23E-EDF8-4208-80A5-EE8105B1C685}.Release|Any CPU.Build.0 = Release|Any CPU
		{6714F81A-DD3F-4FA9-B86F-33861299FA8C}.Debug|Any CPU.ActiveCfg = Debug|Any CPU
		{6714F81A-DD3F-4FA9-B86F-33861299FA8C}.Debug|Any CPU.Build.0 = Debug|Any CPU
		{6714F81A-DD3F-4FA9-B86F-33861299FA8C}.Release|Any CPU.ActiveCfg = Release|Any CPU
		{6714F81A-DD3F-4FA9-B86F-33861299FA8C}.Release|Any CPU.Build.0 = Release|Any CPU
		{FE447768-FE79-4DFD-9DF5-32D503AC3692}.Debug|Any CPU.ActiveCfg = Debug|Any CPU
		{FE447768-FE79-4DFD-9DF5-32D503AC3692}.Debug|Any CPU.Build.0 = Debug|Any CPU
		{FE447768-FE79-4DFD-9DF5-32D503AC3692}.Release|Any CPU.ActiveCfg = Release|Any CPU
		{FE447768-FE79-4DFD-9DF5-32D503AC3692}.Release|Any CPU.Build.0 = Release|Any CPU
	EndGlobalSection
EndGlobal
